{
  "name": "0215",
  "lockfileVersion": 2,
  "requires": true,
  "packages": {
    "": {
      "dependencies": {
        "foamyfoamyui": "^0.3.3"
      }
    },
    "node_modules/foamyfoamyui": {
      "version": "0.3.3",
      "resolved": "https://registry.npmjs.org/foamyfoamyui/-/foamyfoamyui-0.3.3.tgz",
      "integrity": "sha512-YCLFj7SXPNGAM4YrbnW/O/s1bihPP9v7l+NhLEfWHbsD6gJ6UG5iO/6zy+gsj/UfCXzEBi92Xf/YE2UOreEU0w==",
      "dependencies": {
        "user": "^0.0.0"
      }
    },
    "node_modules/user": {
      "version": "0.0.0",
      "resolved": "https://registry.npmjs.org/user/-/user-0.0.0.tgz",
      "integrity": "sha512-eRNM5isOvr6aEFAGi1CqAkmLkYxW2NJ5ThhbD+6IJXYKM1mo7Gtxx4mQIveHz/5K3p/SVnlW9k17ETn+QAu8IQ=="
    }
  },
  "dependencies": {
    "foamyfoamyui": {
      "version": "0.3.3",
      "resolved": "https://registry.npmjs.org/foamyfoamyui/-/foamyfoamyui-0.3.3.tgz",
      "integrity": "sha512-YCLFj7SXPNGAM4YrbnW/O/s1bihPP9v7l+NhLEfWHbsD6gJ6UG5iO/6zy+gsj/UfCXzEBi92Xf/YE2UOreEU0w==",
      "requires": {
        "user": "^0.0.0"
      }
    },
    "user": {
      "version": "0.0.0",
      "resolved": "https://registry.npmjs.org/user/-/user-0.0.0.tgz",
      "integrity": "sha512-eRNM5isOvr6aEFAGi1CqAkmLkYxW2NJ5ThhbD+6IJXYKM1mo7Gtxx4mQIveHz/5K3p/SVnlW9k17ETn+QAu8IQ=="
    }
  }
}
